// !$*UTF8*$!
{
	archiveVersion = 1;
	classes = {
	};
	objectVersion = 50;
	objects = {

/* Begin PBXBuildFile section */
		BB1CDD4A220945E20004E00F /* AppDelegate.swift in Sources */ = {isa = PBXBuildFile; fileRef = BB1CDD49220945E20004E00F /* AppDelegate.swift */; };
		BB1CDD4C220945E20004E00F /* ViewController.swift in Sources */ = {isa = PBXBuildFile; fileRef = BB1CDD4B220945E20004E00F /* ViewController.swift */; };
		BB1CDD4F220945E20004E00F /* Main.storyboard in Resources */ = {isa = PBXBuildFile; fileRef = BB1CDD4D220945E20004E00F /* Main.storyboard */; };
		BB1CDD51220945E30004E00F /* Assets.xcassets in Resources */ = {isa = PBXBuildFile; fileRef = BB1CDD50220945E30004E00F /* Assets.xcassets */; };
		BB1CDD54220945E30004E00F /* LaunchScreen.storyboard in Resources */ = {isa = PBXBuildFile; fileRef = BB1CDD52220945E30004E00F /* LaunchScreen.storyboard */; };
		BB1CDD5F220945E30004E00F /* tumbleTests.swift in Sources */ = {isa = PBXBuildFile; fileRef = BB1CDD5E220945E30004E00F /* tumbleTests.swift */; };
		BB1CDD6A220945E30004E00F /* tumbleUITests.swift in Sources */ = {isa = PBXBuildFile; fileRef = BB1CDD69220945E30004E00F /* tumbleUITests.swift */; };
/* End PBXBuildFile section */

/* Begin PBXContainerItemProxy section */
		BB1CDD5B220945E30004E00F /* PBXContainerItemProxy */ = {
			isa = PBXContainerItemProxy;
			containerPortal = BB1CDD3E220945E20004E00F /* Project object */;
			proxyType = 1;
			remoteGlobalIDString = BB1CDD45220945E20004E00F;
			remoteInfo = tumble;
		};
		BB1CDD66220945E30004E00F /* PBXContainerItemProxy */ = {
			isa = PBXContainerItemProxy;
			containerPortal = BB1CDD3E220945E20004E00F /* Project object */;
			proxyType = 1;
			remoteGlobalIDString = BB1CDD45220945E20004E00F;
			remoteInfo = tumble;
		};
/* End PBXContainerItemProxy section */

/* Begin PBXFileReference section */
		BB1CDD46220945E20004E00F /* tumble.app */ = {isa = PBXFileReference; explicitFileType = wrapper.application; includeInIndex = 0; path = tumble.app; sourceTree = BUILT_PRODUCTS_DIR; };
		BB1CDD49220945E20004E00F /* AppDelegate.swift */ = {isa = PBXFileReference; lastKnownFileType = sourcecode.swift; path = AppDelegate.swift; sourceTree = "<group>"; };
		BB1CDD4B220945E20004E00F /* ViewController.swift */ = {isa = PBXFileReference; lastKnownFileType = sourcecode.swift; path = ViewController.swift; sourceTree = "<group>"; };
		BB1CDD4E220945E20004E00F /* Base */ = {isa = PBXFileReference; lastKnownFileType = file.storyboard; name = Base; path = Base.lproj/Main.storyboard; sourceTree = "<group>"; };
		BB1CDD50220945E30004E00F /* Assets.xcassets */ = {isa = PBXFileReference; lastKnownFileType = folder.assetcatalog; path = Assets.xcassets; sourceTree = "<group>"; };
		BB1CDD53220945E30004E00F /* Base */ = {isa = PBXFileReference; lastKnownFileType = file.storyboard; name = Base; path = Base.lproj/LaunchScreen.storyboard; sourceTree = "<group>"; };
		BB1CDD55220945E30004E00F /* Info.plist */ = {isa = PBXFileReference; lastKnownFileType = text.plist.xml; path = Info.plist; sourceTree = "<group>"; };
		BB1CDD5A220945E30004E00F /* tumbleTests.xctest */ = {isa = PBXFileReference; explicitFileType = wrapper.cfbundle; includeInIndex = 0; path = tumbleTests.xctest; sourceTree = BUILT_PRODUCTS_DIR; };
		BB1CDD5E220945E30004E00F /* tumbleTests.swift */ = {isa = PBXFileReference; lastKnownFileType = sourcecode.swift; path = tumbleTests.swift; sourceTree = "<group>"; };
		BB1CDD60220945E30004E00F /* Info.plist */ = {isa = PBXFileReference; lastKnownFileType = text.plist.xml; path = Info.plist; sourceTree = "<group>"; };
		BB1CDD65220945E30004E00F /* tumbleUITests.xctest */ = {isa = PBXFileReference; explicitFileType = wrapper.cfbundle; includeInIndex = 0; path = tumbleUITests.xctest; sourceTree = BUILT_PRODUCTS_DIR; };
		BB1CDD69220945E30004E00F /* tumbleUITests.swift */ = {isa = PBXFileReference; lastKnownFileType = sourcecode.swift; path = tumbleUITests.swift; sourceTree = "<group>"; };
		BB1CDD6B220945E30004E00F /* Info.plist */ = {isa = PBXFileReference; lastKnownFileType = text.plist.xml; path = Info.plist; sourceTree = "<group>"; };
/* End PBXFileReference section */

/* Begin PBXFrameworksBuildPhase section */
		BB1CDD43220945E20004E00F /* Frameworks */ = {
			isa = PBXFrameworksBuildPhase;
			buildActionMask = 2147483647;
			files = (
			);
			runOnlyForDeploymentPostprocessing = 0;
		};
		BB1CDD57220945E30004E00F /* Frameworks */ = {
			isa = PBXFrameworksBuildPhase;
			buildActionMask = 2147483647;
			files = (
			);
			runOnlyForDeploymentPostprocessing = 0;
		};
		BB1CDD62220945E30004E00F /* Frameworks */ = {
			isa = PBXFrameworksBuildPhase;
			buildActionMask = 2147483647;
			files = (
			);
			runOnlyForDeploymentPostprocessing = 0;
		};
/* End PBXFrameworksBuildPhase section */

/* Begin PBXGroup section */
		BB1CDD3D220945E20004E00F = {
			isa = PBXGroup;
			children = (
				BB1CDD48220945E20004E00F /* tumble */,
				BB1CDD5D220945E30004E00F /* tumbleTests */,
				BB1CDD68220945E30004E00F /* tumbleUITests */,
				BB1CDD47220945E20004E00F /* Products */,
			);
			sourceTree = "<group>";
		};
		BB1CDD47220945E20004E00F /* Products */ = {
			isa = PBXGroup;
			children = (
				BB1CDD46220945E20004E00F /* tumble.app */,
				BB1CDD5A220945E30004E00F /* tumbleTests.xctest */,
				BB1CDD65220945E30004E00F /* tumbleUITests.xctest */,
			);
			name = Products;
			sourceTree = "<group>";
		};
		BB1CDD48220945E20004E00F /* tumble */ = {
			isa = PBXGroup;
			children = (
				BB1CDD49220945E20004E00F /* AppDelegate.swift */,
				BB1CDD4B220945E20004E00F /* ViewController.swift */,
				BB1CDD4D220945E20004E00F /* Main.storyboard */,
				BB1CDD50220945E30004E00F /* Assets.xcassets */,
				BB1CDD52220945E30004E00F /* LaunchScreen.storyboard */,
				BB1CDD55220945E30004E00F /* Info.plist */,
			);
			path = tumble;
			sourceTree = "<group>";
		};
		BB1CDD5D220945E30004E00F /* tumbleTests */ = {
			isa = PBXGroup;
			children = (
				BB1CDD5E220945E30004E00F /* tumbleTests.swift */,
				BB1CDD60220945E30004E00F /* Info.plist */,
			);
			path = tumbleTests;
			sourceTree = "<group>";
		};
		BB1CDD68220945E30004E00F /* tumbleUITests */ = {
			isa = PBXGroup;
			children = (
				BB1CDD69220945E30004E00F /* tumbleUITests.swift */,
				BB1CDD6B220945E30004E00F /* Info.plist */,
			);
			path = tumbleUITests;
			sourceTree = "<group>";
		};
/* End PBXGroup section */

/* Begin PBXNativeTarget section */
		BB1CDD45220945E20004E00F /* tumble */ = {
			isa = PBXNativeTarget;
			buildConfigurationList = BB1CDD6E220945E30004E00F /* Build configuration list for PBXNativeTarget "tumble" */;
			buildPhases = (
				BB1CDD42220945E20004E00F /* Sources */,
				BB1CDD43220945E20004E00F /* Frameworks */,
				BB1CDD44220945E20004E00F /* Resources */,
			);
			buildRules = (
			);
			dependencies = (
			);
			name = tumble;
			productName = tumble;
			productReference = BB1CDD46220945E20004E00F /* tumble.app */;
			productType = "com.apple.product-type.application";
		};
		BB1CDD59220945E30004E00F /* tumbleTests */ = {
			isa = PBXNativeTarget;
			buildConfigurationList = BB1CDD71220945E30004E00F /* Build configuration list for PBXNativeTarget "tumbleTests" */;
			buildPhases = (
				BB1CDD56220945E30004E00F /* Sources */,
				BB1CDD57220945E30004E00F /* Frameworks */,
				BB1CDD58220945E30004E00F /* Resources */,
			);
			buildRules = (
			);
			dependencies = (
				BB1CDD5C220945E30004E00F /* PBXTargetDependency */,
			);
			name = tumbleTests;
			productName = tumbleTests;
			productReference = BB1CDD5A220945E30004E00F /* tumbleTests.xctest */;
			productType = "com.apple.product-type.bundle.unit-test";
		};
		BB1CDD64220945E30004E00F /* tumbleUITests */ = {
			isa = PBXNativeTarget;
			buildConfigurationList = BB1CDD74220945E30004E00F /* Build configuration list for PBXNativeTarget "tumbleUITests" */;
			buildPhases = (
				BB1CDD61220945E30004E00F /* Sources */,
				BB1CDD62220945E30004E00F /* Frameworks */,
				BB1CDD63220945E30004E00F /* Resources */,
			);
			buildRules = (
			);
			dependencies = (
				BB1CDD67220945E30004E00F /* PBXTargetDependency */,
			);
			name = tumbleUITests;
			productName = tumbleUITests;
			productReference = BB1CDD65220945E30004E00F /* tumbleUITests.xctest */;
			productType = "com.apple.product-type.bundle.ui-testing";
		};
/* End PBXNativeTarget section */

/* Begin PBXProject section */
		BB1CDD3E220945E20004E00F /* Project object */ = {
			isa = PBXProject;
			attributes = {
				LastSwiftUpdateCheck = 1010;
				LastUpgradeCheck = 1010;
				ORGANIZATIONNAME = "Alec Tenefrancia";
				TargetAttributes = {
					BB1CDD45220945E20004E00F = {
						CreatedOnToolsVersion = 10.1;
					};
					BB1CDD59220945E30004E00F = {
						CreatedOnToolsVersion = 10.1;
						TestTargetID = BB1CDD45220945E20004E00F;
					};
					BB1CDD64220945E30004E00F = {
						CreatedOnToolsVersion = 10.1;
						TestTargetID = BB1CDD45220945E20004E00F;
					};
				};
			};
			buildConfigurationList = BB1CDD41220945E20004E00F /* Build configuration list for PBXProject "tumble" */;
			compatibilityVersion = "Xcode 9.3";
			developmentRegion = en;
			hasScannedForEncodings = 0;
			knownRegions = (
				en,
				Base,
			);
			mainGroup = BB1CDD3D220945E20004E00F;
			productRefGroup = BB1CDD47220945E20004E00F /* Products */;
			projectDirPath = "";
			projectRoot = "";
			targets = (
				BB1CDD45220945E20004E00F /* tumble */,
				BB1CDD59220945E30004E00F /* tumbleTests */,
				BB1CDD64220945E30004E00F /* tumbleUITests */,
			);
		};
/* End PBXProject section */

/* Begin PBXResourcesBuildPhase section */
		BB1CDD44220945E20004E00F /* Resources */ = {
			isa = PBXResourcesBuildPhase;
			buildActionMask = 2147483647;
			files = (
				BB1CDD54220945E30004E00F /* LaunchScreen.storyboard in Resources */,
				BB1CDD51220945E30004E00F /* Assets.xcassets in Resources */,
				BB1CDD4F220945E20004E00F /* Main.storyboard in Resources */,
			);
			runOnlyForDeploymentPostprocessing = 0;
		};
		BB1CDD58220945E30004E00F /* Resources */ = {
			isa = PBXResourcesBuildPhase;
			buildActionMask = 2147483647;
			files = (
			);
			runOnlyForDeploymentPostprocessing = 0;
		};
		BB1CDD63220945E30004E00F /* Resources */ = {
			isa = PBXResourcesBuildPhase;
			buildActionMask = 2147483647;
			files = (
			);
			runOnlyForDeploymentPostprocessing = 0;
		};
/* End PBXResourcesBuildPhase section */

/* Begin PBXSourcesBuildPhase section */
		BB1CDD42220945E20004E00F /* Sources */ = {
			isa = PBXSourcesBuildPhase;
			buildActionMask = 2147483647;
			files = (
				BB1CDD4C220945E20004E00F /* ViewController.swift in Sources */,
				BB1CDD4A220945E20004E00F /* AppDelegate.swift in Sources */,
			);
			runOnlyForDeploymentPostprocessing = 0;
		};
		BB1CDD56220945E30004E00F /* Sources */ = {
			isa = PBXSourcesBuildPhase;
			buildActionMask = 2147483647;
			files = (
				BB1CDD5F220945E30004E00F /* tumbleTests.swift in Sources */,
			);
			runOnlyForDeploymentPostprocessing = 0;
		};
		BB1CDD61220945E30004E00F /* Sources */ = {
			isa = PBXSourcesBuildPhase;
			buildActionMask = 2147483647;
			files = (
				BB1CDD6A220945E30004E00F /* tumbleUITests.swift in Sources */,
			);
			runOnlyForDeploymentPostprocessing = 0;
		};
/* End PBXSourcesBuildPhase section */

/* Begin PBXTargetDependency section */
		BB1CDD5C220945E30004E00F /* PBXTargetDependency */ = {
			isa = PBXTargetDependency;
			target = BB1CDD45220945E20004E00F /* tumble */;
			targetProxy = BB1CDD5B220945E30004E00F /* PBXContainerItemProxy */;
		};
		BB1CDD67220945E30004E00F /* PBXTargetDependency */ = {
			isa = PBXTargetDependency;
			target = BB1CDD45220945E20004E00F /* tumble */;
			targetProxy = BB1CDD66220945E30004E00F /* PBXContainerItemProxy */;
		};
/* End PBXTargetDependency section */

/* Begin PBXVariantGroup section */
		BB1CDD4D220945E20004E00F /* Main.storyboard */ = {
			isa = PBXVariantGroup;
			children = (
				BB1CDD4E220945E20004E00F /* Base */,
			);
			name = Main.storyboard;
			sourceTree = "<group>";
		};
		BB1CDD52220945E30004E00F /* LaunchScreen.storyboard */ = {
			isa = PBXVariantGroup;
			children = (
				BB1CDD53220945E30004E00F /* Base */,
			);
			name = LaunchScreen.storyboard;
			sourceTree = "<group>";
		};
/* End PBXVariantGroup section */

/* Begin XCBuildConfiguration section */
		BB1CDD6C220945E30004E00F /* Debug */ = {
			isa = XCBuildConfiguration;
			buildSettings = {
				ALWAYS_SEARCH_USER_PATHS = NO;
				CLANG_ANALYZER_NONNULL = YES;
				CLANG_ANALYZER_NUMBER_OBJECT_CONVERSION = YES_AGGRESSIVE;
				CLANG_CXX_LANGUAGE_STANDARD = "gnu++14";
				CLANG_CXX_LIBRARY = "libc++";
				CLANG_ENABLE_MODULES = YES;
				CLANG_ENABLE_OBJC_ARC = YES;
				CLANG_ENABLE_OBJC_WEAK = YES;
				CLANG_WARN_BLOCK_CAPTURE_AUTORELEASING = YES;
				CLANG_WARN_BOOL_CONVERSION = YES;
				CLANG_WARN_COMMA = YES;
				CLANG_WARN_CONSTANT_CONVERSION = YES;
				CLANG_WARN_DEPRECATED_OBJC_IMPLEMENTATIONS = YES;
				CLANG_WARN_DIRECT_OBJC_ISA_USAGE = YES_ERROR;
				CLANG_WARN_DOCUMENTATION_COMMENTS = YES;
				CLANG_WARN_EMPTY_BODY = YES;
				CLANG_WARN_ENUM_CONVERSION = YES;
				CLANG_WARN_INFINITE_RECURSION = YES;
				CLANG_WARN_INT_CONVERSION = YES;
				CLANG_WARN_NON_LITERAL_NULL_CONVERSION = YES;
				CLANG_WARN_OBJC_IMPLICIT_RETAIN_SELF = YES;
				CLANG_WARN_OBJC_LITERAL_CONVERSION = YES;
				CLANG_WARN_OBJC_ROOT_CLASS = YES_ERROR;
				CLANG_WARN_RANGE_LOOP_ANALYSIS = YES;
				CLANG_WARN_STRICT_PROTOTYPES = YES;
				CLANG_WARN_SUSPICIOUS_MOVE = YES;
				CLANG_WARN_UNGUARDED_AVAILABILITY = YES_AGGRESSIVE;
				CLANG_WARN_UNREACHABLE_CODE = YES;
				CLANG_WARN__DUPLICATE_METHOD_MATCH = YES;
				CODE_SIGN_IDENTITY = "iPhone Developer";
				COPY_PHASE_STRIP = NO;
				DEBUG_INFORMATION_FORMAT = dwarf;
				ENABLE_STRICT_OBJC_MSGSEND = YES;
				ENABLE_TESTABILITY = YES;
				GCC_C_LANGUAGE_STANDARD = gnu11;
				GCC_DYNAMIC_NO_PIC = NO;
				GCC_NO_COMMON_BLOCKS = YES;
				GCC_OPTIMIZATION_LEVEL = 0;
				GCC_PREPROCESSOR_DEFINITIONS = (
					"DEBUG=1",
					"$(inherited)",
				);
				GCC_WARN_64_TO_32_BIT_CONVERSION = YES;
				GCC_WARN_ABOUT_RETURN_TYPE = YES_ERROR;
				GCC_WARN_UNDECLARED_SELECTOR = YES;
				GCC_WARN_UNINITIALIZED_AUTOS = YES_AGGRESSIVE;
				GCC_WARN_UNUSED_FUNCTION = YES;
				GCC_WARN_UNUSED_VARIABLE = YES;
				IPHONEOS_DEPLOYMENT_TARGET = 12.1;
				MTL_ENABLE_DEBUG_INFO = INCLUDE_SOURCE;
				MTL_FAST_MATH = YES;
				ONLY_ACTIVE_ARCH = YES;
				SDKROOT = iphoneos;
				SWIFT_ACTIVE_COMPILATION_CONDITIONS = DEBUG;
				SWIFT_OPTIMIZATION_LEVEL = "-Onone";
			};
			name = Debug;
		};
		BB1CDD6D220945E30004E00F /* Release */ = {
			isa = XCBuildConfiguration;
			buildSettings = {
				ALWAYS_SEARCH_USER_PATHS = NO;
				CLANG_ANALYZER_NONNULL = YES;
				CLANG_ANALYZER_NUMBER_OBJECT_CONVERSION = YES_AGGRESSIVE;
				CLANG_CXX_LANGUAGE_STANDARD = "gnu++14";
				CLANG_CXX_LIBRARY = "libc++";
				CLANG_ENABLE_MODULES = YES;
				CLANG_ENABLE_OBJC_ARC = YES;
				CLANG_ENABLE_OBJC_WEAK = YES;
				CLANG_WARN_BLOCK_CAPTURE_AUTORELEASING = YES;
				CLANG_WARN_BOOL_CONVERSION = YES;
				CLANG_WARN_COMMA = YES;
				CLANG_WARN_CONSTANT_CONVERSION = YES;
				CLANG_WARN_DEPRECATED_OBJC_IMPLEMENTATIONS = YES;
				CLANG_WARN_DIRECT_OBJC_ISA_USAGE = YES_ERROR;
				CLANG_WARN_DOCUMENTATION_COMMENTS = YES;
				CLANG_WARN_EMPTY_BODY = YES;
				CLANG_WARN_ENUM_CONVERSION = YES;
				CLANG_WARN_INFINITE_RECURSION = YES;
				CLANG_WARN_INT_CONVERSION = YES;
				CLANG_WARN_NON_LITERAL_NULL_CONVERSION = YES;
				CLANG_WARN_OBJC_IMPLICIT_RETAIN_SELF = YES;
				CLANG_WARN_OBJC_LITERAL_CONVERSION = YES;
				CLANG_WARN_OBJC_ROOT_CLASS = YES_ERROR;
				CLANG_WARN_RANGE_LOOP_ANALYSIS = YES;
				CLANG_WARN_STRICT_PROTOTYPES = YES;
				CLANG_WARN_SUSPICIOUS_MOVE = YES;
				CLANG_WARN_UNGUARDED_AVAILABILITY = YES_AGGRESSIVE;
				CLANG_WARN_UNREACHABLE_CODE = YES;
				CLANG_WARN__DUPLICATE_METHOD_MATCH = YES;
				CODE_SIGN_IDENTITY = "iPhone Developer";
				COPY_PHASE_STRIP = NO;
				DEBUG_INFORMATION_FORMAT = "dwarf-with-dsym";
				ENABLE_NS_ASSERTIONS = NO;
				ENABLE_STRICT_OBJC_MSGSEND = YES;
				GCC_C_LANGUAGE_STANDARD = gnu11;
				GCC_NO_COMMON_BLOCKS = YES;
				GCC_WARN_64_TO_32_BIT_CONVERSION = YES;
				GCC_WARN_ABOUT_RETURN_TYPE = YES_ERROR;
				GCC_WARN_UNDECLARED_SELECTOR = YES;
				GCC_WARN_UNINITIALIZED_AUTOS = YES_AGGRESSIVE;
				GCC_WARN_UNUSED_FUNCTION = YES;
				GCC_WARN_UNUSED_VARIABLE = YES;
				IPHONEOS_DEPLOYMENT_TARGET = 12.1;
				MTL_ENABLE_DEBUG_INFO = NO;
				MTL_FAST_MATH = YES;
				SDKROOT = iphoneos;
				SWIFT_COMPILATION_MODE = wholemodule;
				SWIFT_OPTIMIZATION_LEVEL = "-O";
				VALIDATE_PRODUCT = YES;
			};
			name = Release;
		};
		BB1CDD6F220945E30004E00F /* Debug */ = {
			isa = XCBuildConfiguration;
			buildSettings = {
				ASSETCATALOG_COMPILER_APPICON_NAME = AppIcon;
				CODE_SIGN_STYLE = Automatic;
				INFOPLIST_FILE = tumble/Info.plist;
				LD_RUNPATH_SEARCH_PATHS = (
					"$(inherited)",
					"@executable_path/Frameworks",
				);
				PRODUCT_BUNDLE_IDENTIFIER = com.codepath.tumble;
				PRODUCT_NAME = "$(TARGET_NAME)";
				SWIFT_VERSION = 4.2;
				TARGETED_DEVICE_FAMILY = "1,2";
			};
			name = Debug;
		};
		BB1CDD70220945E30004E00F /* Release */ = {
			isa = XCBuildConfiguration;
			buildSettings = {
				ASSETCATALOG_COMPILER_APPICON_NAME = AppIcon;
				CODE_SIGN_STYLE = Automatic;
				INFOPLIST_FILE = tumble/Info.plist;
				LD_RUNPATH_SEARCH_PATHS = (
					"$(inherited)",
					"@executable_path/Frameworks",
				);
				PRODUCT_BUNDLE_IDENTIFIER = com.codepath.tumble;
				PRODUCT_NAME = "$(TARGET_NAME)";
				SWIFT_VERSION = 4.2;
				TARGETED_DEVICE_FAMILY = "1,2";
			};
			name = Release;
		};
		BB1CDD72220945E30004E00F /* Debug */ = {
			isa = XCBuildConfiguration;
			buildSettings = {
				ALWAYS_EMBED_SWIFT_STANDARD_LIBRARIES = YES;
				BUNDLE_LOADER = "$(TEST_HOST)";
				CODE_SIGN_STYLE = Automatic;
				INFOPLIST_FILE = tumbleTests/Info.plist;
				LD_RUNPATH_SEARCH_PATHS = (
					"$(inherited)",
					"@executable_path/Frameworks",
					"@loader_path/Frameworks",
				);
				PRODUCT_BUNDLE_IDENTIFIER = com.codepath.tumbleTests;
				PRODUCT_NAME = "$(TARGET_NAME)";
				SWIFT_VERSION = 4.2;
				TARGETED_DEVICE_FAMILY = "1,2";
				TEST_HOST = "$(BUILT_PRODUCTS_DIR)/tumble.app/tumble";
			};
			name = Debug;
		};
		BB1CDD73220945E30004E00F /* Release */ = {
			isa = XCBuildConfiguration;
			buildSettings = {
				ALWAYS_EMBED_SWIFT_STANDARD_LIBRARIES = YES;
				BUNDLE_LOADER = "$(TEST_HOST)";
				CODE_SIGN_STYLE = Automatic;
				INFOPLIST_FILE = tumbleTests/Info.plist;
				LD_RUNPATH_SEARCH_PATHS = (
					"$(inherited)",
					"@executable_path/Frameworks",
					"@loader_path/Frameworks",
				);
				PRODUCT_BUNDLE_IDENTIFIER = com.codepath.tumbleTests;
				PRODUCT_NAME = "$(TARGET_NAME)";
				SWIFT_VERSION = 4.2;
				TARGETED_DEVICE_FAMILY = "1,2";
				TEST_HOST = "$(BUILT_PRODUCTS_DIR)/tumble.app/tumble";
			};
			name = Release;
		};
		BB1CDD75220945E30004E00F /* Debug */ = {
			isa = XCBuildConfiguration;
			buildSettings = {
				ALWAYS_EMBED_SWIFT_STANDARD_LIBRARIES = YES;
				CODE_SIGN_STYLE = Automatic;
				INFOPLIST_FILE = tumbleUITests/Info.plist;
				LD_RUNPATH_SEARCH_PATHS = (
					"$(inherited)",
					"@executable_path/Frameworks",
					"@loader_path/Frameworks",
				);
				PRODUCT_BUNDLE_IDENTIFIER = com.codepath.tumbleUITests;
				PRODUCT_NAME = "$(TARGET_NAME)";
				SWIFT_VERSION = 4.2;
				TARGETED_DEVICE_FAMILY = "1,2";
				TEST_TARGET_NAME = tumble;
			};
			name = Debug;
		};
		BB1CDD76220945E30004E00F /* Release */ = {
			isa = XCBuildConfiguration;
			buildSettings = {
				ALWAYS_EMBED_SWIFT_STANDARD_LIBRARIES = YES;
				CODE_SIGN_STYLE = Automatic;
				INFOPLIST_FILE = tumbleUITests/Info.plist;
				LD_RUNPATH_SEARCH_PATHS = (
					"$(inherited)",
					"@executable_path/Frameworks",
					"@loader_path/Frameworks",
				);
				PRODUCT_BUNDLE_IDENTIFIER = com.codepath.tumbleUITests;
				PRODUCT_NAME = "$(TARGET_NAME)";
				SWIFT_VERSION = 4.2;
				TARGETED_DEVICE_FAMILY = "1,2";
				TEST_TARGET_NAME = tumble;
			};
			name = Release;
		};
/* End XCBuildConfiguration section */

/* Begin XCConfigurationList section */
		BB1CDD41220945E20004E00F /* Build configuration list for PBXProject "tumble" */ = {
			isa = XCConfigurationList;
			buildConfigurations = (
				BB1CDD6C220945E30004E00F /* Debug */,
				BB1CDD6D220945E30004E00F /* Release */,
			);
			defaultConfigurationIsVisible = 0;
			defaultConfigurationName = Release;
		};
		BB1CDD6E220945E30004E00F /* Build configuration list for PBXNativeTarget "tumble" */ = {
			isa = XCConfigurationList;
			buildConfigurations = (
				BB1CDD6F220945E30004E00F /* Debug */,
				BB1CDD70220945E30004E00F /* Release */,
			);
			defaultConfigurationIsVisible = 0;
			defaultConfigurationName = Release;
		};
		BB1CDD71220945E30004E00F /* Build configuration list for PBXNativeTarget "tumbleTests" */ = {
			isa = XCConfigurationList;
			buildConfigurations = (
				BB1CDD72220945E30004E00F /* Debug */,
				BB1CDD73220945E30004E00F /* Release */,
			);
			defaultConfigurationIsVisible = 0;
			defaultConfigurationName = Release;
		};
		BB1CDD74220945E30004E00F /* Build configuration list for PBXNativeTarget "tumbleUITests" */ = {
			isa = XCConfigurationList;
			buildConfigurations = (
				BB1CDD75220945E30004E00F /* Debug */,
				BB1CDD76220945E30004E00F /* Release */,
			);
			defaultConfigurationIsVisible = 0;
			defaultConfigurationName = Release;
		};
/* End XCConfigurationList section */
	};
	rootObject = BB1CDD3E220945E20004E00F /* Project object */;
}
